
Microsoft Visual Studio Solution File, Format Version 12.00
# Visual Studio 15
Project("{FAE04EC0-301F-11D3-BF4B-00C04F79EFBC}") = "Apex Path Suite", "Apex Path Suite.csproj", "{F05A7B52-7E0F-CEA2-505D-65C3745FC608}"
EndProject
Project("{FAE04EC0-301F-11D3-BF4B-00C04F79EFBC}") = "Apex Path Suite.Editor", "Apex Path Suite.Editor.csproj", "{8C3D300A-1BF8-05F9-7D42-8A8D022E07B0}"
EndProject
Global
	GlobalSection(SolutionConfigurationPlatforms) = preSolution
		Debug|Any CPU = Debug|Any CPU
		Release|Any CPU = Release|Any CPU
	EndGlobalSection
	GlobalSection(ProjectConfigurationPlatforms) = postSolution
		{F05A7B52-7E0F-CEA2-505D-65C3745FC608}.Debug|Any CPU.ActiveCfg = Debug|Any CPU
		{F05A7B52-7E0F-CEA2-505D-65C3745FC608}.Debug|Any CPU.Build.0 = Debug|Any CPU
		{F05A7B52-7E0F-CEA2-505D-65C3745FC608}.Release|Any CPU.ActiveCfg = Release|Any CPU
		{F05A7B52-7E0F-CEA2-505D-65C3745FC608}.Release|Any CPU.Build.0 = Release|Any CPU
		{8C3D300A-1BF8-05F9-7D42-8A8D022E07B0}.Debug|Any CPU.ActiveCfg = Debug|Any CPU
		{8C3D300A-1BF8-05F9-7D42-8A8D022E07B0}.Debug|Any CPU.Build.0 = Debug|Any CPU
		{8C3D300A-1BF8-05F9-7D42-8A8D022E07B0}.Release|Any CPU.ActiveCfg = Release|Any CPU
		{8C3D300A-1BF8-05F9-7D42-8A8D022E07B0}.Release|Any CPU.Build.0 = Release|Any CPU
	EndGlobalSection
	GlobalSection(SolutionProperties) = preSolution
		HideSolutionNode = FALSE
	EndGlobalSection
EndGlobal
